{
  "pins" : [
    {
      "identity" : "iqkeyboardmanager",
      "kind" : "remoteSourceControl",
      "location" : "https://github.com/hackiftekhar/IQKeyboardManager.git",
      "state" : {
        "branch" : "7.0.0",
        "revision" : "f27ee89e64d774d15a182005aeb02f04d0ab3515"
      }
    },
    {
      "identity" : "viewinspector",
      "kind" : "remoteSourceControl",
      "location" : "https://github.com/nalexn/ViewInspector",
      "state" : {
        "branch" : "0.9.9",
        "revision" : "a1422d4749ccf7f32b1d14a9ec19ec9a0b0fd337"
      }
    }
  ],
  "version" : 2
}
